{
  "version": "5",
  "redirects": {
    "https://esm.sh/@supabase/supabase-js@2": "https://esm.sh/@supabase/supabase-js@2.110.8",
    "https://esm.sh/iceberg-js@^0.8.1?target=denonext": "https://esm.sh/iceberg-js@0.8.1?target=denonext"
  },
  "remote": {
    "https://esm.sh/@supabase/auth-js@2.110.8/denonext/auth-js.mjs": "83281dd97f0ecc0e22fe53e5c45d6720f64247421eaa444e516b7c77e2890d08",
    "https://esm.sh/@supabase/functions-js@2.110.8/denonext/functions-js.mjs": "96731d9e0375d60f2e510288cc38c805e752e5f4407c161320e85b114872e128",
    "https://esm.sh/@supabase/phoenix@0.4.5/denonext/phoenix.mjs": "40bd2a70829cd847848baac58e635bacd83fd62188f6624b44e2c295341004eb",
    "https://esm.sh/@supabase/postgrest-js@2.110.8/denonext/postgrest-js.mjs": "3fe9b0f0242b22f91593630f7ad4fb5ae5697397bd1ea68b6c392ec77da65e33",
    "https://esm.sh/@supabase/realtime-js@2.110.8/denonext/realtime-js.mjs": "7095c973828e88c6e326f529e7f8eac6ac9542f59e0ecddfdbbf673f7e3280cd",
    "https://esm.sh/@supabase/storage-js@2.110.8/denonext/storage-js.mjs": "6aaf8acf249dd40db52a4b46c4a3ff23cd1f110c06030cc2f966755557273149",
    "https://esm.sh/@supabase/supabase-js@2.110.8": "3fe5b529aba9ea7d19e980feb977d4da1f9300cb5378942b32f1522c21649623",
    "https://esm.sh/@supabase/supabase-js@2.110.8/denonext/supabase-js.mjs": "cbc4dc3f19df167306090a1df41644b9e88869a7925e850c9289a9b669827ba3",
    "https://esm.sh/iceberg-js@0.8.1/denonext/iceberg-js.mjs": "d839d81a2e3966500ca2cdd0c1cb458e9608bacfc91f7bb67a69b2e878dcdb4f",
    "https://esm.sh/iceberg-js@0.8.1?target=denonext": "58c849d7fe2bf4eca4a84eb501e83c161a7d8c34ca1bec15a962b3bec3062633",
    "https://esm.sh/tslib@2.8.1/denonext/tslib.mjs": "c38da5dd6da6281964435002ce204cd586634fe3bdfb24a0ee116f48cf3292e9"
  },
  "workspace": {
    "packageJson": {
      "dependencies": [
        "npm:@dnd-kit/core@^6.3.1",
        "npm:@dnd-kit/sortable@10",
        "npm:@dnd-kit/utilities@^3.2.2",
        "npm:@eslint/js@^10.0.1",
        "npm:@radix-ui/react-avatar@^1.2.2",
        "npm:@radix-ui/react-label@^2.1.11",
        "npm:@radix-ui/react-separator@^1.1.11",
        "npm:@radix-ui/react-slot@^1.3.0",
        "npm:@supabase/supabase-js@^2.110.0",
        "npm:@tailwindcss/vite@^4.3.2",
        "npm:@types/node@^24.13.2",
        "npm:@types/react-dom@^19.2.3",
        "npm:@types/react@^19.2.17",
        "npm:@vitejs/plugin-react@^6.0.3",
        "npm:class-variance-authority@~0.7.1",
        "npm:clsx@^2.1.1",
        "npm:eslint-plugin-react-hooks@^7.1.1",
        "npm:eslint-plugin-react-refresh@~0.5.3",
        "npm:eslint@^10.6.0",
        "npm:globals@^17.7.0",
        "npm:lucide-react@^1.23.0",
        "npm:react-dom@^19.2.7",
        "npm:react-router-dom@^7.18.1",
        "npm:react@^19.2.7",
        "npm:sonner@^2.0.7",
        "npm:tailwind-merge@^3.6.0",
        "npm:tailwind-scrollbar-hide@4",
        "npm:tailwindcss@^4.3.2",
        "npm:typescript-eslint@^8.62.0",
        "npm:typescript@~6.0.2",
        "npm:vite@^8.1.1"
      ]
    }
  }
}
